github.com/dave/jennifer v1.0.3 h1:znKlhYnG7ER1bVoeZQ5RxAbbnGToSmPa2HHz8VDytMQ=
github.com/dave/jennifer v1.0.3/go.mod h1:fIb+770HOpJ2fmN9EPPKOqm1vMGhB+TwXKMZhrIygKg=
github.com/tdewolff/minify v2.3.5+incompatible h1:oFxBKxTIY1F/1DEJhLeh/T507W56JqZtWVrawFcdadI=
github.com/tdewolff/minify v2.3.5+incompatible/go.mod h1:9Ov578KJUmAWpS6NeZwRZyT56Uf6o3Mcz9CEsg8USYs=
github.com/tdewolff/parse v2.3.3+incompatible h1:q6OSjvHtvBucLb34z24OH1xl5wGdw1mI9Vd38Qj9evs=
github.com/tdewolff/parse v2.3.3+incompatible/go.mod h1:8oBwCsVmUkgHO8M5iCzSIDtpzXOT0WXX9cWhz+bIzJQ=
golang.org/x/net v0.0.0-20180911220305-26e67e76b6c3 h1:czFLhve3vsQetD6JOJ8NZZvGQIXlnN3/yXxbT6/awxI=
golang.org/x/net v0.0.0-20180911220305-26e67e76b6c3/go.mod h1:mL1N/T3taQHkDXs73rZJwtUhF3w3ftmwwsq0BUmARs4=
